<Solution>
  <Folder Name="/Solution Items/">
    <File Path=".gitignore" />
    <File Path="cspell.json" />
    <File Path="global.json" />
    <File Path="LICENSE" />
    <File Path="README.md" />
  </Folder>
  <Project Path="Cubusky.BuildingBlocks/Cubusky.BuildingBlocks.csproj" />
  <Project Path="Cubusky.BuildingBlocks.Tests/Cubusky.BuildingBlocks.Tests.csproj" Id="4afb5d2d-3667-4501-ab23-df7e131afdf6" />
</Solution>
